
Microsoft Visual Studio Solution File, Format Version 12.00
# Visual Studio Version 17
VisualStudioVersion = 17.0.31903.59
MinimumVisualStudioVersion = 10.0.40219.1
Project("{FAE04EC0-301F-11D3-BF4B-00C04F79EFBC}") = "api_calculadora", "api_calculadora\api_calculadora.csproj", "{E08A15FD-7D8F-4564-AA3F-A4E927DD64CF}"
EndProject
Global
	GlobalSection(SolutionConfigurationPlatforms) = preSolution
		Debug|Any CPU = Debug|Any CPU
		Release|Any CPU = Release|Any CPU
	EndGlobalSection
	GlobalSection(ProjectConfigurationPlatforms) = postSolution
		{E08A15FD-7D8F-4564-AA3F-A4E927DD64CF}.Debug|Any CPU.ActiveCfg = Debug|Any CPU
		{E08A15FD-7D8F-4564-AA3F-A4E927DD64CF}.Debug|Any CPU.Build.0 = Debug|Any CPU
		{E08A15FD-7D8F-4564-AA3F-A4E927DD64CF}.Release|Any CPU.ActiveCfg = Release|Any CPU
		{E08A15FD-7D8F-4564-AA3F-A4E927DD64CF}.Release|Any CPU.Build.0 = Release|Any CPU
	EndGlobalSection
	GlobalSection(SolutionProperties) = preSolution
		HideSolutionNode = FALSE
	EndGlobalSection
	GlobalSection(ExtensibilityGlobals) = postSolution
		SolutionGuid = {D76F52F8-2CFA-45C4-B616-2169E97C22A3}
	EndGlobalSection
EndGlobal
